// !$*UTF8*$!
{
	archiveVersion = 1;
	classes = {
	};
	objectVersion = 55;
	objects = {

/* Begin PBXBuildFile section */
		423B9B79275B628900484795 /* ProfileViewController.swift in Sources */ = {isa = PBXBuildFile; fileRef = 423B9B78275B628900484795 /* ProfileViewController.swift */; };
		423B9B7B275B62A400484795 /* ChangePasswordViewController.swift in Sources */ = {isa = PBXBuildFile; fileRef = 423B9B7A275B62A400484795 /* ChangePasswordViewController.swift */; };
		423B9B7D275B62B700484795 /* ChangeProfileViewController.swift in Sources */ = {isa = PBXBuildFile; fileRef = 423B9B7C275B62B700484795 /* ChangeProfileViewController.swift */; };
		504BE3FC275DC07D008E83A3 /* DoctorStory.storyboard in Resources */ = {isa = PBXBuildFile; fileRef = 504BE3FB275DC07D008E83A3 /* DoctorStory.storyboard */; };
		504BE3FE275DC0CD008E83A3 /* DoctorDetailViewController.swift in Sources */ = {isa = PBXBuildFile; fileRef = 504BE3FD275DC0CD008E83A3 /* DoctorDetailViewController.swift */; };
		5057829927650782007285CF /* IllustrateLogin2.swift in Sources */ = {isa = PBXBuildFile; fileRef = 5057829827650782007285CF /* IllustrateLogin2.swift */; };
		5323F2C47545DB666D587857 /* Pods_Alodokter.framework in Frameworks */ = {isa = PBXBuildFile; fileRef = 58BC808D213CAE4CD20C256D /* Pods_Alodokter.framework */; };
		9F01DDBF27587145006FCE6E /* ArticleViewController.swift in Sources */ = {isa = PBXBuildFile; fileRef = 9F01DDBE27587145006FCE6E /* ArticleViewController.swift */; };
		9F01DDC127587437006FCE6E /* ArticleTableViewCell.swift in Sources */ = {isa = PBXBuildFile; fileRef = 9F01DDC027587437006FCE6E /* ArticleTableViewCell.swift */; };
		9F0E9B682763652F009C7629 /* IllustrateLogin.swift in Sources */ = {isa = PBXBuildFile; fileRef = 9F0E9B672763652F009C7629 /* IllustrateLogin.swift */; };
		9F1465BE27635CB400EFAD5E /* UploadDataPassword.swift in Sources */ = {isa = PBXBuildFile; fileRef = 9F1465BD27635CB400EFAD5E /* UploadDataPassword.swift */; };
		9F201D5E275C8FA700D44C8A /* Login.storyboard in Resources */ = {isa = PBXBuildFile; fileRef = 9F201D5D275C8FA700D44C8A /* Login.storyboard */; };
		9F201D60275C8FBF00D44C8A /* Register.storyboard in Resources */ = {isa = PBXBuildFile; fileRef = 9F201D5F275C8FBF00D44C8A /* Register.storyboard */; };
		9F201D63275C94F500D44C8A /* Article.storyboard in Resources */ = {isa = PBXBuildFile; fileRef = 9F201D62275C94F500D44C8A /* Article.storyboard */; };
		9F201D65275C98AE00D44C8A /* ChangePassword.storyboard in Resources */ = {isa = PBXBuildFile; fileRef = 9F201D64275C98AE00D44C8A /* ChangePassword.storyboard */; };
		9F201D67275C98E400D44C8A /* ChangeProfile.storyboard in Resources */ = {isa = PBXBuildFile; fileRef = 9F201D66275C98E400D44C8A /* ChangeProfile.storyboard */; };
		9F23E66527578BE500E5D041 /* HomeViewController.swift in Sources */ = {isa = PBXBuildFile; fileRef = 9F23E66427578BE500E5D041 /* HomeViewController.swift */; };
		9F3134D027620658008EA3B0 /* UserProfile.swift in Sources */ = {isa = PBXBuildFile; fileRef = 9F3134CF27620658008EA3B0 /* UserProfile.swift */; };
		9F3134D2276211A4008EA3B0 /* UserResponseModel.swift in Sources */ = {isa = PBXBuildFile; fileRef = 9F3134D1276211A4008EA3B0 /* UserResponseModel.swift */; };
		9F32EEA52767FF680061700E /* ConsultationModel.swift in Sources */ = {isa = PBXBuildFile; fileRef = 9F32EEA42767FF680061700E /* ConsultationModel.swift */; };
		9F32EEA72767FF7A0061700E /* ConsultationObject.swift in Sources */ = {isa = PBXBuildFile; fileRef = 9F32EEA62767FF7A0061700E /* ConsultationObject.swift */; };
		9F32EEA92768011C0061700E /* ScheduleCell.xib in Resources */ = {isa = PBXBuildFile; fileRef = 9F32EEA82768011C0061700E /* ScheduleCell.xib */; };
		9F32EEAB2768013F0061700E /* ScheduleTableViewCell.swift in Sources */ = {isa = PBXBuildFile; fileRef = 9F32EEAA2768013F0061700E /* ScheduleTableViewCell.swift */; };
		9F4B8F802759FA38007376FA /* LoginModel.swift in Sources */ = {isa = PBXBuildFile; fileRef = 9F4B8F7F2759FA38007376FA /* LoginModel.swift */; };
		9F4B8F85275A032E007376FA /* LoginResponseModel.swift in Sources */ = {isa = PBXBuildFile; fileRef = 9F4B8F84275A032E007376FA /* LoginResponseModel.swift */; };
		9F4D02CA2758D62B00094C1A /* Constant.swift in Sources */ = {isa = PBXBuildFile; fileRef = 9F4D02C92758D62B00094C1A /* Constant.swift */; };
		9F4D02CD2758D70300094C1A /* RegisterModel.swift in Sources */ = {isa = PBXBuildFile; fileRef = 9F4D02CC2758D70300094C1A /* RegisterModel.swift */; };
		9F4D02CF2758D73A00094C1A /* APIManager.swift in Sources */ = {isa = PBXBuildFile; fileRef = 9F4D02CE2758D73A00094C1A /* APIManager.swift */; };
		9F4D02D12758D96600094C1A /* RegisterViewController.swift in Sources */ = {isa = PBXBuildFile; fileRef = 9F4D02D02758D96600094C1A /* RegisterViewController.swift */; };
		9F5244D4275CED4400DCC0FB /* Doctor.swift in Sources */ = {isa = PBXBuildFile; fileRef = 9F5244D3275CED4400DCC0FB /* Doctor.swift */; };
		9F601A1B275834570066D41D /* ArticleCell.xib in Resources */ = {isa = PBXBuildFile; fileRef = 9F7258622757ABD1001AEC39 /* ArticleCell.xib */; };
		9F601A1C275834640066D41D /* ArticleCellCollection.swift in Sources */ = {isa = PBXBuildFile; fileRef = 9F7258632757ABD1001AEC39 /* ArticleCellCollection.swift */; };
		9F7AF8A8275DB16C008D674B /* DoctorModel.swift in Sources */ = {isa = PBXBuildFile; fileRef = 9F7AF8A7275DB16C008D674B /* DoctorModel.swift */; };
		9F8A68CD2755D9C20005E329 /* AppDelegate.swift in Sources */ = {isa = PBXBuildFile; fileRef = 9F8A68CC2755D9C20005E329 /* AppDelegate.swift */; };
		9F8A68D12755D9C20005E329 /* LoginViewController.swift in Sources */ = {isa = PBXBuildFile; fileRef = 9F8A68D02755D9C20005E329 /* LoginViewController.swift */; };
		9F8A68D42755D9C20005E329 /* Main.storyboard in Resources */ = {isa = PBXBuildFile; fileRef = 9F8A68D22755D9C20005E329 /* Main.storyboard */; };
		9F8A68D62755D9C40005E329 /* Assets.xcassets in Resources */ = {isa = PBXBuildFile; fileRef = 9F8A68D52755D9C40005E329 /* Assets.xcassets */; };
		9F8A68D92755D9C40005E329 /* LaunchScreen.storyboard in Resources */ = {isa = PBXBuildFile; fileRef = 9F8A68D72755D9C40005E329 /* LaunchScreen.storyboard */; };
		9F9A68D52765A17300C1232E /* UploadDataProfile.swift in Sources */ = {isa = PBXBuildFile; fileRef = 9F9A68D42765A17300C1232E /* UploadDataProfile.swift */; };
		9FA485C0275B7AC200FD3404 /* DoctorViewController.swift in Sources */ = {isa = PBXBuildFile; fileRef = 9FA485BF275B7AC200FD3404 /* DoctorViewController.swift */; };
		9FA485C2275B815000FD3404 /* DoctorCellTable.swift in Sources */ = {isa = PBXBuildFile; fileRef = 9FA485C1275B815000FD3404 /* DoctorCellTable.swift */; };
		9FA485C8275B884800FD3404 /* DoctorCell.xib in Resources */ = {isa = PBXBuildFile; fileRef = 9FA485C7275B884800FD3404 /* DoctorCell.xib */; };
		9FC16C7F2760294F0031F6AC /* WelcomeVC.swift in Sources */ = {isa = PBXBuildFile; fileRef = 9FC16C7E2760294F0031F6AC /* WelcomeVC.swift */; };
		9FC16C8127602B020031F6AC /* SlideView.swift in Sources */ = {isa = PBXBuildFile; fileRef = 9FC16C8027602B020031F6AC /* SlideView.swift */; };
		9FC16C8327602B400031F6AC /* Slide.xib in Resources */ = {isa = PBXBuildFile; fileRef = 9FC16C8227602B400031F6AC /* Slide.xib */; };
		9FE7B10E2758A5F300D74FFB /* DetailArticleViewController.swift in Sources */ = {isa = PBXBuildFile; fileRef = 9FE7B10D2758A5F300D74FFB /* DetailArticleViewController.swift */; };
		9FEACE5A275C2BD200EE3FF2 /* Token.swift in Sources */ = {isa = PBXBuildFile; fileRef = 9FEACE59275C2BD200EE3FF2 /* Token.swift */; };
		9FFD386627584343003EC14A /* Article.swift in Sources */ = {isa = PBXBuildFile; fileRef = 9FFD386527584343003EC14A /* Article.swift */; };
		9FFD38672758485B003EC14A /* DoctorCellCollection.swift in Sources */ = {isa = PBXBuildFile; fileRef = 9F89269E2757B8E100354385 /* DoctorCellCollection.swift */; };
/* End PBXBuildFile section */

/* Begin PBXFileReference section */
		3907C267A50BAB2C1BF4FC6D /* Pods-Alodokter.release.xcconfig */ = {isa = PBXFileReference; includeInIndex = 1; lastKnownFileType = text.xcconfig; name = "Pods-Alodokter.release.xcconfig"; path = "Target Support Files/Pods-Alodokter/Pods-Alodokter.release.xcconfig"; sourceTree = "<group>"; };
		423B9B78275B628900484795 /* ProfileViewController.swift */ = {isa = PBXFileReference; lastKnownFileType = sourcecode.swift; path = ProfileViewController.swift; sourceTree = "<group>"; };
		423B9B7A275B62A400484795 /* ChangePasswordViewController.swift */ = {isa = PBXFileReference; lastKnownFileType = sourcecode.swift; path = ChangePasswordViewController.swift; sourceTree = "<group>"; };
		423B9B7C275B62B700484795 /* ChangeProfileViewController.swift */ = {isa = PBXFileReference; lastKnownFileType = sourcecode.swift; path = ChangeProfileViewController.swift; sourceTree = "<group>"; };
		45F5C13A364CD51D6296FDE0 /* Pods-Testing Skeleton.debug.xcconfig */ = {isa = PBXFileReference; includeInIndex = 1; lastKnownFileType = text.xcconfig; name = "Pods-Testing Skeleton.debug.xcconfig"; path = "Target Support Files/Pods-Testing Skeleton/Pods-Testing Skeleton.debug.xcconfig"; sourceTree = "<group>"; };
		504BE3FB275DC07D008E83A3 /* DoctorStory.storyboard */ = {isa = PBXFileReference; lastKnownFileType = file.storyboard; path = DoctorStory.storyboard; sourceTree = "<group>"; };
		504BE3FD275DC0CD008E83A3 /* DoctorDetailViewController.swift */ = {isa = PBXFileReference; lastKnownFileType = sourcecode.swift; path = DoctorDetailViewController.swift; sourceTree = "<group>"; };
		5057829827650782007285CF /* IllustrateLogin2.swift */ = {isa = PBXFileReference; lastKnownFileType = sourcecode.swift; path = IllustrateLogin2.swift; sourceTree = "<group>"; };
		58BC808D213CAE4CD20C256D /* Pods_Alodokter.framework */ = {isa = PBXFileReference; explicitFileType = wrapper.framework; includeInIndex = 0; path = Pods_Alodokter.framework; sourceTree = BUILT_PRODUCTS_DIR; };
		93696B5F7ABA25E0F8A8EA05 /* Pods-Testing Skeleton.release.xcconfig */ = {isa = PBXFileReference; includeInIndex = 1; lastKnownFileType = text.xcconfig; name = "Pods-Testing Skeleton.release.xcconfig"; path = "Target Support Files/Pods-Testing Skeleton/Pods-Testing Skeleton.release.xcconfig"; sourceTree = "<group>"; };
		9F01DDBE27587145006FCE6E /* ArticleViewController.swift */ = {isa = PBXFileReference; lastKnownFileType = sourcecode.swift; path = ArticleViewController.swift; sourceTree = "<group>"; };
		9F01DDC027587437006FCE6E /* ArticleTableViewCell.swift */ = {isa = PBXFileReference; lastKnownFileType = sourcecode.swift; path = ArticleTableViewCell.swift; sourceTree = "<group>"; };
		9F0E9B672763652F009C7629 /* IllustrateLogin.swift */ = {isa = PBXFileReference; lastKnownFileType = sourcecode.swift; path = IllustrateLogin.swift; sourceTree = "<group>"; };
		9F1465BD27635CB400EFAD5E /* UploadDataPassword.swift */ = {isa = PBXFileReference; lastKnownFileType = sourcecode.swift; path = UploadDataPassword.swift; sourceTree = "<group>"; };
		9F201D5D275C8FA700D44C8A /* Login.storyboard */ = {isa = PBXFileReference; lastKnownFileType = file.storyboard; path = Login.storyboard; sourceTree = "<group>"; };
		9F201D5F275C8FBF00D44C8A /* Register.storyboard */ = {isa = PBXFileReference; lastKnownFileType = file.storyboard; path = Register.storyboard; sourceTree = "<group>"; };
		9F201D62275C94F500D44C8A /* Article.storyboard */ = {isa = PBXFileReference; lastKnownFileType = file.storyboard; path = Article.storyboard; sourceTree = "<group>"; };
		9F201D64275C98AE00D44C8A /* ChangePassword.storyboard */ = {isa = PBXFileReference; lastKnownFileType = file.storyboard; path = ChangePassword.storyboard; sourceTree = "<group>"; };
		9F201D66275C98E400D44C8A /* ChangeProfile.storyboard */ = {isa = PBXFileReference; lastKnownFileType = file.storyboard; path = ChangeProfile.storyboard; sourceTree = "<group>"; };
		9F23E66427578BE500E5D041 /* HomeViewController.swift */ = {isa = PBXFileReference; lastKnownFileType = sourcecode.swift; path = HomeViewController.swift; sourceTree = "<group>"; };
		9F3134CF27620658008EA3B0 /* UserProfile.swift */ = {isa = PBXFileReference; lastKnownFileType = sourcecode.swift; path = UserProfile.swift; sourceTree = "<group>"; };
		9F3134D1276211A4008EA3B0 /* UserResponseModel.swift */ = {isa = PBXFileReference; lastKnownFileType = sourcecode.swift; path = UserResponseModel.swift; sourceTree = "<group>"; };
		9F32EEA42767FF680061700E /* ConsultationModel.swift */ = {isa = PBXFileReference; lastKnownFileType = sourcecode.swift; path = ConsultationModel.swift; sourceTree = "<group>"; };
		9F32EEA62767FF7A0061700E /* ConsultationObject.swift */ = {isa = PBXFileReference; lastKnownFileType = sourcecode.swift; path = ConsultationObject.swift; sourceTree = "<group>"; };
		9F32EEA82768011C0061700E /* ScheduleCell.xib */ = {isa = PBXFileReference; lastKnownFileType = file.xib; path = ScheduleCell.xib; sourceTree = "<group>"; };
		9F32EEAA2768013F0061700E /* ScheduleTableViewCell.swift */ = {isa = PBXFileReference; lastKnownFileType = sourcecode.swift; path = ScheduleTableViewCell.swift; sourceTree = "<group>"; };
		9F4B8F7F2759FA38007376FA /* LoginModel.swift */ = {isa = PBXFileReference; lastKnownFileType = sourcecode.swift; path = LoginModel.swift; sourceTree = "<group>"; };
		9F4B8F84275A032E007376FA /* LoginResponseModel.swift */ = {isa = PBXFileReference; lastKnownFileType = sourcecode.swift; path = LoginResponseModel.swift; sourceTree = "<group>"; };
		9F4D02C92758D62B00094C1A /* Constant.swift */ = {isa = PBXFileReference; lastKnownFileType = sourcecode.swift; path = Constant.swift; sourceTree = "<group>"; };
		9F4D02CC2758D70300094C1A /* RegisterModel.swift */ = {isa = PBXFileReference; lastKnownFileType = sourcecode.swift; path = RegisterModel.swift; sourceTree = "<group>"; };
		9F4D02CE2758D73A00094C1A /* APIManager.swift */ = {isa = PBXFileReference; lastKnownFileType = sourcecode.swift; path = APIManager.swift; sourceTree = "<group>"; };
		9F4D02D02758D96600094C1A /* RegisterViewController.swift */ = {isa = PBXFileReference; lastKnownFileType = sourcecode.swift; path = RegisterViewController.swift; sourceTree = "<group>"; };
		9F5244D3275CED4400DCC0FB /* Doctor.swift */ = {isa = PBXFileReference; lastKnownFileType = sourcecode.swift; path = Doctor.swift; sourceTree = "<group>"; };
		9F7258622757ABD1001AEC39 /* ArticleCell.xib */ = {isa = PBXFileReference; lastKnownFileType = file.xib; path = ArticleCell.xib; sourceTree = "<group>"; };
		9F7258632757ABD1001AEC39 /* ArticleCellCollection.swift */ = {isa = PBXFileReference; lastKnownFileType = sourcecode.swift; path = ArticleCellCollection.swift; sourceTree = "<group>"; };
		9F7AF8A7275DB16C008D674B /* DoctorModel.swift */ = {isa = PBXFileReference; lastKnownFileType = sourcecode.swift; path = DoctorModel.swift; sourceTree = "<group>"; };
		9F89269E2757B8E100354385 /* DoctorCellCollection.swift */ = {isa = PBXFileReference; lastKnownFileType = sourcecode.swift; path = DoctorCellCollection.swift; sourceTree = "<group>"; };
		9F8A68C92755D9C20005E329 /* Alodokter.app */ = {isa = PBXFileReference; explicitFileType = wrapper.application; includeInIndex = 0; path = Alodokter.app; sourceTree = BUILT_PRODUCTS_DIR; };
		9F8A68CC2755D9C20005E329 /* AppDelegate.swift */ = {isa = PBXFileReference; lastKnownFileType = sourcecode.swift; path = AppDelegate.swift; sourceTree = "<group>"; };
		9F8A68D02755D9C20005E329 /* LoginViewController.swift */ = {isa = PBXFileReference; lastKnownFileType = sourcecode.swift; path = LoginViewController.swift; sourceTree = "<group>"; };
		9F8A68D32755D9C20005E329 /* Base */ = {isa = PBXFileReference; lastKnownFileType = file.storyboard; name = Base; path = Base.lproj/Main.storyboard; sourceTree = "<group>"; };
		9F8A68D52755D9C40005E329 /* Assets.xcassets */ = {isa = PBXFileReference; lastKnownFileType = folder.assetcatalog; path = Assets.xcassets; sourceTree = "<group>"; };
		9F8A68D82755D9C40005E329 /* Base */ = {isa = PBXFileReference; lastKnownFileType = file.storyboard; name = Base; path = Base.lproj/LaunchScreen.storyboard; sourceTree = "<group>"; };
		9F8A68DA2755D9C40005E329 /* Info.plist */ = {isa = PBXFileReference; lastKnownFileType = text.plist.xml; path = Info.plist; sourceTree = "<group>"; };
		9F9A68D42765A17300C1232E /* UploadDataProfile.swift */ = {isa = PBXFileReference; lastKnownFileType = sourcecode.swift; path = UploadDataProfile.swift; sourceTree = "<group>"; };
		9FA485BF275B7AC200FD3404 /* DoctorViewController.swift */ = {isa = PBXFileReference; lastKnownFileType = sourcecode.swift; path = DoctorViewController.swift; sourceTree = "<group>"; };
		9FA485C1275B815000FD3404 /* DoctorCellTable.swift */ = {isa = PBXFileReference; lastKnownFileType = sourcecode.swift; path = DoctorCellTable.swift; sourceTree = "<group>"; };
		9FA485C7275B884800FD3404 /* DoctorCell.xib */ = {isa = PBXFileReference; lastKnownFileType = file.xib; path = DoctorCell.xib; sourceTree = "<group>"; };
		9FC16C7E2760294F0031F6AC /* WelcomeVC.swift */ = {isa = PBXFileReference; lastKnownFileType = sourcecode.swift; path = WelcomeVC.swift; sourceTree = "<group>"; };
		9FC16C8027602B020031F6AC /* SlideView.swift */ = {isa = PBXFileReference; lastKnownFileType = sourcecode.swift; path = SlideView.swift; sourceTree = "<group>"; };
		9FC16C8227602B400031F6AC /* Slide.xib */ = {isa = PBXFileReference; lastKnownFileType = file.xib; path = Slide.xib; sourceTree = "<group>"; };
		9FE7B10D2758A5F300D74FFB /* DetailArticleViewController.swift */ = {isa = PBXFileReference; lastKnownFileType = sourcecode.swift; path = DetailArticleViewController.swift; sourceTree = "<group>"; };
		9FEACE59275C2BD200EE3FF2 /* Token.swift */ = {isa = PBXFileReference; lastKnownFileType = sourcecode.swift; path = Token.swift; sourceTree = "<group>"; };
		9FFD386527584343003EC14A /* Article.swift */ = {isa = PBXFileReference; lastKnownFileType = sourcecode.swift; path = Article.swift; sourceTree = "<group>"; };
		ACEFFB23B42E8E044D42D8A3 /* Pods-Alodokter.debug.xcconfig */ = {isa = PBXFileReference; includeInIndex = 1; lastKnownFileType = text.xcconfig; name = "Pods-Alodokter.debug.xcconfig"; path = "Target Support Files/Pods-Alodokter/Pods-Alodokter.debug.xcconfig"; sourceTree = "<group>"; };
/* End PBXFileReference section */

/* Begin PBXFrameworksBuildPhase section */
		9F8A68C62755D9C20005E329 /* Frameworks */ = {
			isa = PBXFrameworksBuildPhase;
			buildActionMask = 2147483647;
			files = (
				5323F2C47545DB666D587857 /* Pods_Alodokter.framework in Frameworks */,
			);
			runOnlyForDeploymentPostprocessing = 0;
		};
/* End PBXFrameworksBuildPhase section */

/* Begin PBXGroup section */
		423B9B77275B625500484795 /* User */ = {
			isa = PBXGroup;
			children = (
				423B9B78275B628900484795 /* ProfileViewController.swift */,
				423B9B7A275B62A400484795 /* ChangePasswordViewController.swift */,
				423B9B7C275B62B700484795 /* ChangeProfileViewController.swift */,
			);
			path = User;
			sourceTree = "<group>";
		};
		54E7F5C26CC7B4289BC4F16E /* Frameworks */ = {
			isa = PBXGroup;
			children = (
				58BC808D213CAE4CD20C256D /* Pods_Alodokter.framework */,
			);
			name = Frameworks;
			sourceTree = "<group>";
		};
		9F201D68275C993B00D44C8A /* User */ = {
			isa = PBXGroup;
			children = (
				9F201D64275C98AE00D44C8A /* ChangePassword.storyboard */,
				9F201D66275C98E400D44C8A /* ChangeProfile.storyboard */,
				9F0E9B672763652F009C7629 /* IllustrateLogin.swift */,
			);
			path = User;
			sourceTree = "<group>";
		};
		9F201D69275C995100D44C8A /* Login */ = {
			isa = PBXGroup;
			children = (
				9F201D5D275C8FA700D44C8A /* Login.storyboard */,
			);
			path = Login;
			sourceTree = "<group>";
		};
		9F201D6A275C995600D44C8A /* Register */ = {
			isa = PBXGroup;
			children = (
				9F201D5F275C8FBF00D44C8A /* Register.storyboard */,
			);
			path = Register;
			sourceTree = "<group>";
		};
		9F201D6B275C999300D44C8A /* Login */ = {
			isa = PBXGroup;
			children = (
				9F8A68D02755D9C20005E329 /* LoginViewController.swift */,
			);
			path = Login;
			sourceTree = "<group>";
		};
		9F201D6C275C999B00D44C8A /* Register */ = {
			isa = PBXGroup;
			children = (
				9F4D02D02758D96600094C1A /* RegisterViewController.swift */,
			);
			path = Register;
			sourceTree = "<group>";
		};
		9F201D6D275C99AF00D44C8A /* Doctor */ = {
			isa = PBXGroup;
			children = (
				9FA485BF275B7AC200FD3404 /* DoctorViewController.swift */,
				504BE3FD275DC0CD008E83A3 /* DoctorDetailViewController.swift */,
				5057829827650782007285CF /* IllustrateLogin2.swift */,
			);
			path = Doctor;
			sourceTree = "<group>";
		};
		9F3134CE27620644008EA3B0 /* User */ = {
			isa = PBXGroup;
			children = (
				9F3134CF27620658008EA3B0 /* UserProfile.swift */,
				9F3134D1276211A4008EA3B0 /* UserResponseModel.swift */,
				9F1465BD27635CB400EFAD5E /* UploadDataPassword.swift */,
				9F9A68D42765A17300C1232E /* UploadDataProfile.swift */,
			);
			path = User;
			sourceTree = "<group>";
		};
		9F4B8F812759FA3E007376FA /* Login */ = {
			isa = PBXGroup;
			children = (
				9F4B8F7F2759FA38007376FA /* LoginModel.swift */,
				9F4B8F84275A032E007376FA /* LoginResponseModel.swift */,
			);
			path = Login;
			sourceTree = "<group>";
		};
		9F4D02C82758D61200094C1A /* Services */ = {
			isa = PBXGroup;
			children = (
				9F4D02C92758D62B00094C1A /* Constant.swift */,
				9F4D02CE2758D73A00094C1A /* APIManager.swift */,
				9FEACE59275C2BD200EE3FF2 /* Token.swift */,
			);
			path = Services;
			sourceTree = "<group>";
		};
		9F4D02CB2758D6F700094C1A /* Register */ = {
			isa = PBXGroup;
			children = (
				9F4D02CC2758D70300094C1A /* RegisterModel.swift */,
			);
			path = Register;
			sourceTree = "<group>";
		};
		9F5244D1275CED2200DCC0FB /* Article */ = {
			isa = PBXGroup;
			children = (
				9FFD386527584343003EC14A /* Article.swift */,
			);
			path = Article;
			sourceTree = "<group>";
		};
		9F5244D2275CED3800DCC0FB /* Doctor */ = {
			isa = PBXGroup;
			children = (
				9F5244D3275CED4400DCC0FB /* Doctor.swift */,
				9F7AF8A7275DB16C008D674B /* DoctorModel.swift */,
				9F32EEA42767FF680061700E /* ConsultationModel.swift */,
				9F32EEA62767FF7A0061700E /* ConsultationObject.swift */,
			);
			path = Doctor;
			sourceTree = "<group>";
		};
		9F601A182758307A0066D41D /* Model */ = {
			isa = PBXGroup;
			children = (
				9F3134CE27620644008EA3B0 /* User */,
				9F5244D2275CED3800DCC0FB /* Doctor */,
				9F5244D1275CED2200DCC0FB /* Article */,
				9F4B8F812759FA3E007376FA /* Login */,
				9F4D02CB2758D6F700094C1A /* Register */,
			);
			path = Model;
			sourceTree = "<group>";
		};
		9F601A1A2758308E0066D41D /* Controller */ = {
			isa = PBXGroup;
			children = (
				9FC16C85276036200031F6AC /* Intro */,
				9F201D6D275C99AF00D44C8A /* Doctor */,
				9F201D6C275C999B00D44C8A /* Register */,
				9F201D6B275C999300D44C8A /* Login */,
				9F23E66427578BE500E5D041 /* HomeViewController.swift */,
				9FE7B10C2758A5DD00D74FFB /* Article */,
				423B9B77275B625500484795 /* User */,
			);
			path = Controller;
			sourceTree = "<group>";
		};
		9F7258612757ABD1001AEC39 /* Article */ = {
			isa = PBXGroup;
			children = (
				9F7258632757ABD1001AEC39 /* ArticleCellCollection.swift */,
				9F01DDC027587437006FCE6E /* ArticleTableViewCell.swift */,
				9F7258622757ABD1001AEC39 /* ArticleCell.xib */,
				9F201D62275C94F500D44C8A /* Article.storyboard */,
			);
			path = Article;
			sourceTree = "<group>";
		};
		9F89269C2757B8D000354385 /* Doctor */ = {
			isa = PBXGroup;
			children = (
				9F89269E2757B8E100354385 /* DoctorCellCollection.swift */,
				9FA485C1275B815000FD3404 /* DoctorCellTable.swift */,
				9FA485C7275B884800FD3404 /* DoctorCell.xib */,
				504BE3FB275DC07D008E83A3 /* DoctorStory.storyboard */,
				9F32EEA82768011C0061700E /* ScheduleCell.xib */,
				9F32EEAA2768013F0061700E /* ScheduleTableViewCell.swift */,
			);
			path = Doctor;
			sourceTree = "<group>";
		};
		9F8A68C02755D9C20005E329 = {
			isa = PBXGroup;
			children = (
				9F8A68CB2755D9C20005E329 /* Alodokter */,
				9F8A68CA2755D9C20005E329 /* Products */,
				A219A1A583FC09A3490B16AB /* Pods */,
				54E7F5C26CC7B4289BC4F16E /* Frameworks */,
			);
			sourceTree = "<group>";
		};
		9F8A68CA2755D9C20005E329 /* Products */ = {
			isa = PBXGroup;
			children = (
				9F8A68C92755D9C20005E329 /* Alodokter.app */,
			);
			name = Products;
			sourceTree = "<group>";
		};
		9F8A68CB2755D9C20005E329 /* Alodokter */ = {
			isa = PBXGroup;
			children = (
				9F4D02C82758D61200094C1A /* Services */,
				9F601A182758307A0066D41D /* Model */,
				9FE7B10B2758A59F00D74FFB /* View */,
				9F601A1A2758308E0066D41D /* Controller */,
				9F8A68CC2755D9C20005E329 /* AppDelegate.swift */,
				9F8A68D52755D9C40005E329 /* Assets.xcassets */,
				9F8A68D72755D9C40005E329 /* LaunchScreen.storyboard */,
				9F8A68DA2755D9C40005E329 /* Info.plist */,
			);
			path = Alodokter;
			sourceTree = "<group>";
		};
		9FC16C84276036080031F6AC /* Intro */ = {
			isa = PBXGroup;
			children = (
				9FC16C8027602B020031F6AC /* SlideView.swift */,
				9FC16C8227602B400031F6AC /* Slide.xib */,
			);
			path = Intro;
			sourceTree = "<group>";
		};
		9FC16C85276036200031F6AC /* Intro */ = {
			isa = PBXGroup;
			children = (
				9FC16C7E2760294F0031F6AC /* WelcomeVC.swift */,
			);
			path = Intro;
			sourceTree = "<group>";
		};
		9FE7B10B2758A59F00D74FFB /* View */ = {
			isa = PBXGroup;
			children = (
				9FC16C84276036080031F6AC /* Intro */,
				9F201D6A275C995600D44C8A /* Register */,
				9F201D69275C995100D44C8A /* Login */,
				9F89269C2757B8D000354385 /* Doctor */,
				9F7258612757ABD1001AEC39 /* Article */,
				9F8A68D22755D9C20005E329 /* Main.storyboard */,
				9F201D68275C993B00D44C8A /* User */,
			);
			path = View;
			sourceTree = "<group>";
		};
		9FE7B10C2758A5DD00D74FFB /* Article */ = {
			isa = PBXGroup;
			children = (
				9F01DDBE27587145006FCE6E /* ArticleViewController.swift */,
				9FE7B10D2758A5F300D74FFB /* DetailArticleViewController.swift */,
			);
			path = Article;
			sourceTree = "<group>";
		};
		A219A1A583FC09A3490B16AB /* Pods */ = {
			isa = PBXGroup;
			children = (
				45F5C13A364CD51D6296FDE0 /* Pods-Testing Skeleton.debug.xcconfig */,
				93696B5F7ABA25E0F8A8EA05 /* Pods-Testing Skeleton.release.xcconfig */,
				ACEFFB23B42E8E044D42D8A3 /* Pods-Alodokter.debug.xcconfig */,
				3907C267A50BAB2C1BF4FC6D /* Pods-Alodokter.release.xcconfig */,
			);
			path = Pods;
			sourceTree = "<group>";
		};
/* End PBXGroup section */

/* Begin PBXNativeTarget section */
		9F8A68C82755D9C20005E329 /* Alodokter */ = {
			isa = PBXNativeTarget;
			buildConfigurationList = 9F8A68DD2755D9C40005E329 /* Build configuration list for PBXNativeTarget "Alodokter" */;
			buildPhases = (
				809B39638792EB8B14DF0638 /* [CP] Check Pods Manifest.lock */,
				9F8A68C52755D9C20005E329 /* Sources */,
				9F8A68C62755D9C20005E329 /* Frameworks */,
				9F8A68C72755D9C20005E329 /* Resources */,
				EFF2181E1E979A739D2B6F55 /* [CP] Embed Pods Frameworks */,
			);
			buildRules = (
			);
			dependencies = (
			);
			name = Alodokter;
			productName = "Testing Skeleton";
			productReference = 9F8A68C92755D9C20005E329 /* Alodokter.app */;
			productType = "com.apple.product-type.application";
		};
/* End PBXNativeTarget section */

/* Begin PBXProject section */
		9F8A68C12755D9C20005E329 /* Project object */ = {
			isa = PBXProject;
			attributes = {
				BuildIndependentTargetsInParallel = 1;
				LastSwiftUpdateCheck = 1310;
				LastUpgradeCheck = 1310;
				TargetAttributes = {
					9F8A68C82755D9C20005E329 = {
						CreatedOnToolsVersion = 13.1;
					};
				};
			};
			buildConfigurationList = 9F8A68C42755D9C20005E329 /* Build configuration list for PBXProject "Alodokter" */;
			compatibilityVersion = "Xcode 13.0";
			developmentRegion = en;
			hasScannedForEncodings = 0;
			knownRegions = (
				en,
				Base,
			);
			mainGroup = 9F8A68C02755D9C20005E329;
			productRefGroup = 9F8A68CA2755D9C20005E329 /* Products */;
			projectDirPath = "";
			projectRoot = "";
			targets = (
				9F8A68C82755D9C20005E329 /* Alodokter */,
			);
		};
/* End PBXProject section */

/* Begin PBXResourcesBuildPhase section */
		9F8A68C72755D9C20005E329 /* Resources */ = {
			isa = PBXResourcesBuildPhase;
			buildActionMask = 2147483647;
			files = (
				9FA485C8275B884800FD3404 /* DoctorCell.xib in Resources */,
				9F601A1B275834570066D41D /* ArticleCell.xib in Resources */,
				9F201D60275C8FBF00D44C8A /* Register.storyboard in Resources */,
				9F32EEA92768011C0061700E /* ScheduleCell.xib in Resources */,
				9F201D65275C98AE00D44C8A /* ChangePassword.storyboard in Resources */,
				9F201D5E275C8FA700D44C8A /* Login.storyboard in Resources */,
				9F201D67275C98E400D44C8A /* ChangeProfile.storyboard in Resources */,
				9F8A68D92755D9C40005E329 /* LaunchScreen.storyboard in Resources */,
				9F201D63275C94F500D44C8A /* Article.storyboard in Resources */,
				9F8A68D62755D9C40005E329 /* Assets.xcassets in Resources */,
				504BE3FC275DC07D008E83A3 /* DoctorStory.storyboard in Resources */,
				9F8A68D42755D9C20005E329 /* Main.storyboard in Resources */,
				9FC16C8327602B400031F6AC /* Slide.xib in Resources */,
			);
			runOnlyForDeploymentPostprocessing = 0;
		};
/* End PBXResourcesBuildPhase section */

/* Begin PBXShellScriptBuildPhase section */
		809B39638792EB8B14DF0638 /* [CP] Check Pods Manifest.lock */ = {
			isa = PBXShellScriptBuildPhase;
			buildActionMask = 2147483647;
			files = (
			);
			inputFileListPaths = (
			);
			inputPaths = (
				"${PODS_PODFILE_DIR_PATH}/Podfile.lock",
				"${PODS_ROOT}/Manifest.lock",
			);
			name = "[CP] Check Pods Manifest.lock";
			outputFileListPaths = (
			);
			outputPaths = (
				"$(DERIVED_FILE_DIR)/Pods-Alodokter-checkManifestLockResult.txt",
			);
			runOnlyForDeploymentPostprocessing = 0;
			shellPath = /bin/sh;
			shellScript = "diff \"${PODS_PODFILE_DIR_PATH}/Podfile.lock\" \"${PODS_ROOT}/Manifest.lock\" > /dev/null\nif [ $? != 0 ] ; then\n    # print error to STDERR\n    echo \"error: The sandbox is not in sync with the Podfile.lock. Run 'pod install' or update your CocoaPods installation.\" >&2\n    exit 1\nfi\n# This output is used by Xcode 'outputs' to avoid re-running this script phase.\necho \"SUCCESS\" > \"${SCRIPT_OUTPUT_FILE_0}\"\n";
			showEnvVarsInLog = 0;
		};
		EFF2181E1E979A739D2B6F55 /* [CP] Embed Pods Frameworks */ = {
			isa = PBXShellScriptBuildPhase;
			buildActionMask = 2147483647;
			files = (
			);
			inputFileListPaths = (
				"${PODS_ROOT}/Target Support Files/Pods-Alodokter/Pods-Alodokter-frameworks-${CONFIGURATION}-input-files.xcfilelist",
			);
			name = "[CP] Embed Pods Frameworks";
			outputFileListPaths = (
				"${PODS_ROOT}/Target Support Files/Pods-Alodokter/Pods-Alodokter-frameworks-${CONFIGURATION}-output-files.xcfilelist",
			);
			runOnlyForDeploymentPostprocessing = 0;
			shellPath = /bin/sh;
			shellScript = "\"${PODS_ROOT}/Target Support Files/Pods-Alodokter/Pods-Alodokter-frameworks.sh\"\n";
			showEnvVarsInLog = 0;
		};
/* End PBXShellScriptBuildPhase section */

/* Begin PBXSourcesBuildPhase section */
		9F8A68C52755D9C20005E329 /* Sources */ = {
			isa = PBXSourcesBuildPhase;
			buildActionMask = 2147483647;
			files = (
				9F5244D4275CED4400DCC0FB /* Doctor.swift in Sources */,
				9F32EEAB2768013F0061700E /* ScheduleTableViewCell.swift in Sources */,
				504BE3FE275DC0CD008E83A3 /* DoctorDetailViewController.swift in Sources */,
				9F3134D027620658008EA3B0 /* UserProfile.swift in Sources */,
				9F4D02CF2758D73A00094C1A /* APIManager.swift in Sources */,
				9FFD386627584343003EC14A /* Article.swift in Sources */,
				9F8A68D12755D9C20005E329 /* LoginViewController.swift in Sources */,
				9F8A68CD2755D9C20005E329 /* AppDelegate.swift in Sources */,
				9FE7B10E2758A5F300D74FFB /* DetailArticleViewController.swift in Sources */,
				9F01DDC127587437006FCE6E /* ArticleTableViewCell.swift in Sources */,
				9F601A1C275834640066D41D /* ArticleCellCollection.swift in Sources */,
				9F0E9B682763652F009C7629 /* IllustrateLogin.swift in Sources */,
				9F32EEA52767FF680061700E /* ConsultationModel.swift in Sources */,
				9FA485C2275B815000FD3404 /* DoctorCellTable.swift in Sources */,
				9F4D02CA2758D62B00094C1A /* Constant.swift in Sources */,
				9F01DDBF27587145006FCE6E /* ArticleViewController.swift in Sources */,
				9FEACE5A275C2BD200EE3FF2 /* Token.swift in Sources */,
				423B9B7B275B62A400484795 /* ChangePasswordViewController.swift in Sources */,
				9F9A68D52765A17300C1232E /* UploadDataProfile.swift in Sources */,
				9F4D02CD2758D70300094C1A /* RegisterModel.swift in Sources */,
				9F4B8F802759FA38007376FA /* LoginModel.swift in Sources */,
				9F4D02D12758D96600094C1A /* RegisterViewController.swift in Sources */,
				9FC16C7F2760294F0031F6AC /* WelcomeVC.swift in Sources */,
				9F3134D2276211A4008EA3B0 /* UserResponseModel.swift in Sources */,
				9FC16C8127602B020031F6AC /* SlideView.swift in Sources */,
				423B9B7D275B62B700484795 /* ChangeProfileViewController.swift in Sources */,
				9FFD38672758485B003EC14A /* DoctorCellCollection.swift in Sources */,
				423B9B79275B628900484795 /* ProfileViewController.swift in Sources */,
				5057829927650782007285CF /* IllustrateLogin2.swift in Sources */,
				9F4B8F85275A032E007376FA /* LoginResponseModel.swift in Sources */,
				9F23E66527578BE500E5D041 /* HomeViewController.swift in Sources */,
				9FA485C0275B7AC200FD3404 /* DoctorViewController.swift in Sources */,
				9F7AF8A8275DB16C008D674B /* DoctorModel.swift in Sources */,
				9F1465BE27635CB400EFAD5E /* UploadDataPassword.swift in Sources */,
				9F32EEA72767FF7A0061700E /* ConsultationObject.swift in Sources */,
			);
			runOnlyForDeploymentPostprocessing = 0;
		};
/* End PBXSourcesBuildPhase section */

/* Begin PBXVariantGroup section */
		9F8A68D22755D9C20005E329 /* Main.storyboard */ = {
			isa = PBXVariantGroup;
			children = (
				9F8A68D32755D9C20005E329 /* Base */,
			);
			name = Main.storyboard;
			sourceTree = "<group>";
		};
		9F8A68D72755D9C40005E329 /* LaunchScreen.storyboard */ = {
			isa = PBXVariantGroup;
			children = (
				9F8A68D82755D9C40005E329 /* Base */,
			);
			name = LaunchScreen.storyboard;
			sourceTree = "<group>";
		};
/* End PBXVariantGroup section */

/* Begin XCBuildConfiguration section */
		9F8A68DB2755D9C40005E329 /* Debug */ = {
			isa = XCBuildConfiguration;
			buildSettings = {
				ALWAYS_SEARCH_USER_PATHS = NO;
				CLANG_ANALYZER_NONNULL = YES;
				CLANG_ANALYZER_NUMBER_OBJECT_CONVERSION = YES_AGGRESSIVE;
				CLANG_CXX_LANGUAGE_STANDARD = "gnu++17";
				CLANG_CXX_LIBRARY = "libc++";
				CLANG_ENABLE_MODULES = YES;
				CLANG_ENABLE_OBJC_ARC = YES;
				CLANG_ENABLE_OBJC_WEAK = YES;
				CLANG_WARN_BLOCK_CAPTURE_AUTORELEASING = YES;
				CLANG_WARN_BOOL_CONVERSION = YES;
				CLANG_WARN_COMMA = YES;
				CLANG_WARN_CONSTANT_CONVERSION = YES;
				CLANG_WARN_DEPRECATED_OBJC_IMPLEMENTATIONS = YES;
				CLANG_WARN_DIRECT_OBJC_ISA_USAGE = YES_ERROR;
				CLANG_WARN_DOCUMENTATION_COMMENTS = YES;
				CLANG_WARN_EMPTY_BODY = YES;
				CLANG_WARN_ENUM_CONVERSION = YES;
				CLANG_WARN_INFINITE_RECURSION = YES;
				CLANG_WARN_INT_CONVERSION = YES;
				CLANG_WARN_NON_LITERAL_NULL_CONVERSION = YES;
				CLANG_WARN_OBJC_IMPLICIT_RETAIN_SELF = YES;
				CLANG_WARN_OBJC_LITERAL_CONVERSION = YES;
				CLANG_WARN_OBJC_ROOT_CLASS = YES_ERROR;
				CLANG_WARN_QUOTED_INCLUDE_IN_FRAMEWORK_HEADER = YES;
				CLANG_WARN_RANGE_LOOP_ANALYSIS = YES;
				CLANG_WARN_STRICT_PROTOTYPES = YES;
				CLANG_WARN_SUSPICIOUS_MOVE = YES;
				CLANG_WARN_UNGUARDED_AVAILABILITY = YES_AGGRESSIVE;
				CLANG_WARN_UNREACHABLE_CODE = YES;
				CLANG_WARN__DUPLICATE_METHOD_MATCH = YES;
				COPY_PHASE_STRIP = NO;
				DEBUG_INFORMATION_FORMAT = dwarf;
				ENABLE_STRICT_OBJC_MSGSEND = YES;
				ENABLE_TESTABILITY = YES;
				GCC_C_LANGUAGE_STANDARD = gnu11;
				GCC_DYNAMIC_NO_PIC = NO;
				GCC_NO_COMMON_BLOCKS = YES;
				GCC_OPTIMIZATION_LEVEL = 0;
				GCC_PREPROCESSOR_DEFINITIONS = (
					"DEBUG=1",
					"$(inherited)",
				);
				GCC_WARN_64_TO_32_BIT_CONVERSION = YES;
				GCC_WARN_ABOUT_RETURN_TYPE = YES_ERROR;
				GCC_WARN_UNDECLARED_SELECTOR = YES;
				GCC_WARN_UNINITIALIZED_AUTOS = YES_AGGRESSIVE;
				GCC_WARN_UNUSED_FUNCTION = YES;
				GCC_WARN_UNUSED_VARIABLE = YES;
				IPHONEOS_DEPLOYMENT_TARGET = 13.5;
				MTL_ENABLE_DEBUG_INFO = INCLUDE_SOURCE;
				MTL_FAST_MATH = YES;
				ONLY_ACTIVE_ARCH = YES;
				SDKROOT = iphoneos;
				SWIFT_ACTIVE_COMPILATION_CONDITIONS = DEBUG;
				SWIFT_OPTIMIZATION_LEVEL = "-Onone";
			};
			name = Debug;
		};
		9F8A68DC2755D9C40005E329 /* Release */ = {
			isa = XCBuildConfiguration;
			buildSettings = {
				ALWAYS_SEARCH_USER_PATHS = NO;
				CLANG_ANALYZER_NONNULL = YES;
				CLANG_ANALYZER_NUMBER_OBJECT_CONVERSION = YES_AGGRESSIVE;
				CLANG_CXX_LANGUAGE_STANDARD = "gnu++17";
				CLANG_CXX_LIBRARY = "libc++";
				CLANG_ENABLE_MODULES = YES;
				CLANG_ENABLE_OBJC_ARC = YES;
				CLANG_ENABLE_OBJC_WEAK = YES;
				CLANG_WARN_BLOCK_CAPTURE_AUTORELEASING = YES;
				CLANG_WARN_BOOL_CONVERSION = YES;
				CLANG_WARN_COMMA = YES;
				CLANG_WARN_CONSTANT_CONVERSION = YES;
				CLANG_WARN_DEPRECATED_OBJC_IMPLEMENTATIONS = YES;
				CLANG_WARN_DIRECT_OBJC_ISA_USAGE = YES_ERROR;
				CLANG_WARN_DOCUMENTATION_COMMENTS = YES;
				CLANG_WARN_EMPTY_BODY = YES;
				CLANG_WARN_ENUM_CONVERSION = YES;
				CLANG_WARN_INFINITE_RECURSION = YES;
				CLANG_WARN_INT_CONVERSION = YES;
				CLANG_WARN_NON_LITERAL_NULL_CONVERSION = YES;
				CLANG_WARN_OBJC_IMPLICIT_RETAIN_SELF = YES;
				CLANG_WARN_OBJC_LITERAL_CONVERSION = YES;
				CLANG_WARN_OBJC_ROOT_CLASS = YES_ERROR;
				CLANG_WARN_QUOTED_INCLUDE_IN_FRAMEWORK_HEADER = YES;
				CLANG_WARN_RANGE_LOOP_ANALYSIS = YES;
				CLANG_WARN_STRICT_PROTOTYPES = YES;
				CLANG_WARN_SUSPICIOUS_MOVE = YES;
				CLANG_WARN_UNGUARDED_AVAILABILITY = YES_AGGRESSIVE;
				CLANG_WARN_UNREACHABLE_CODE = YES;
				CLANG_WARN__DUPLICATE_METHOD_MATCH = YES;
				COPY_PHASE_STRIP = NO;
				DEBUG_INFORMATION_FORMAT = "dwarf-with-dsym";
				ENABLE_NS_ASSERTIONS = NO;
				ENABLE_STRICT_OBJC_MSGSEND = YES;
				GCC_C_LANGUAGE_STANDARD = gnu11;
				GCC_NO_COMMON_BLOCKS = YES;
				GCC_WARN_64_TO_32_BIT_CONVERSION = YES;
				GCC_WARN_ABOUT_RETURN_TYPE = YES_ERROR;
				GCC_WARN_UNDECLARED_SELECTOR = YES;
				GCC_WARN_UNINITIALIZED_AUTOS = YES_AGGRESSIVE;
				GCC_WARN_UNUSED_FUNCTION = YES;
				GCC_WARN_UNUSED_VARIABLE = YES;
				IPHONEOS_DEPLOYMENT_TARGET = 13.5;
				MTL_ENABLE_DEBUG_INFO = NO;
				MTL_FAST_MATH = YES;
				SDKROOT = iphoneos;
				SWIFT_COMPILATION_MODE = wholemodule;
				SWIFT_OPTIMIZATION_LEVEL = "-O";
				VALIDATE_PRODUCT = YES;
			};
			name = Release;
		};
		9F8A68DE2755D9C40005E329 /* Debug */ = {
			isa = XCBuildConfiguration;
			baseConfigurationReference = ACEFFB23B42E8E044D42D8A3 /* Pods-Alodokter.debug.xcconfig */;
			buildSettings = {
				ASSETCATALOG_COMPILER_APPICON_NAME = AppIcon;
				ASSETCATALOG_COMPILER_GLOBAL_ACCENT_COLOR_NAME = AccentColor;
				CODE_SIGN_STYLE = Automatic;
				CURRENT_PROJECT_VERSION = 1;
				DEVELOPMENT_TEAM = KL6VLPSW8Q;
				GENERATE_INFOPLIST_FILE = YES;
				INFOPLIST_FILE = Alodokter/Info.plist;
				INFOPLIST_KEY_CFBundleDisplayName = Alodokter;
				INFOPLIST_KEY_NSCameraUsageDescription = "Please allow access.";
				INFOPLIST_KEY_NSPhotoLibraryUsageDescription = "Please allow access.";
				INFOPLIST_KEY_UIApplicationSupportsIndirectInputEvents = YES;
				INFOPLIST_KEY_UILaunchStoryboardName = LaunchScreen;
				INFOPLIST_KEY_UIMainStoryboardFile = Main;
				INFOPLIST_KEY_UISupportedInterfaceOrientations = UIInterfaceOrientationPortrait;
				INFOPLIST_KEY_UISupportedInterfaceOrientations_iPad = "UIInterfaceOrientationPortrait UIInterfaceOrientationPortraitUpsideDown UIInterfaceOrientationLandscapeLeft UIInterfaceOrientationLandscapeRight";
				INFOPLIST_KEY_UISupportedInterfaceOrientations_iPhone = "UIInterfaceOrientationPortrait UIInterfaceOrientationLandscapeLeft UIInterfaceOrientationLandscapeRight";
				LD_RUNPATH_SEARCH_PATHS = (
					"$(inherited)",
					"@executable_path/Frameworks",
				);
				MARKETING_VERSION = 1.0;
				PRODUCT_BUNDLE_IDENTIFIER = "com.combro.Testing-Skeleton";
				PRODUCT_NAME = "$(TARGET_NAME)";
				SWIFT_COMPILATION_MODE = wholemodule;
				SWIFT_EMIT_LOC_STRINGS = YES;
				SWIFT_VERSION = 5.0;
				TARGETED_DEVICE_FAMILY = 1;
			};
			name = Debug;
		};
		9F8A68DF2755D9C40005E329 /* Release */ = {
			isa = XCBuildConfiguration;
			baseConfigurationReference = 3907C267A50BAB2C1BF4FC6D /* Pods-Alodokter.release.xcconfig */;
			buildSettings = {
				ASSETCATALOG_COMPILER_APPICON_NAME = AppIcon;
				ASSETCATALOG_COMPILER_GLOBAL_ACCENT_COLOR_NAME = AccentColor;
				CODE_SIGN_STYLE = Automatic;
				CURRENT_PROJECT_VERSION = 1;
				DEVELOPMENT_TEAM = KL6VLPSW8Q;
				GENERATE_INFOPLIST_FILE = YES;
				INFOPLIST_FILE = Alodokter/Info.plist;
				INFOPLIST_KEY_CFBundleDisplayName = Alodokter;
				INFOPLIST_KEY_NSCameraUsageDescription = "Please allow access.";
				INFOPLIST_KEY_NSPhotoLibraryUsageDescription = "Please allow access.";
				INFOPLIST_KEY_UIApplicationSupportsIndirectInputEvents = YES;
				INFOPLIST_KEY_UILaunchStoryboardName = LaunchScreen;
				INFOPLIST_KEY_UIMainStoryboardFile = Main;
				INFOPLIST_KEY_UISupportedInterfaceOrientations = UIInterfaceOrientationPortrait;
				INFOPLIST_KEY_UISupportedInterfaceOrientations_iPad = "UIInterfaceOrientationPortrait UIInterfaceOrientationPortraitUpsideDown UIInterfaceOrientationLandscapeLeft UIInterfaceOrientationLandscapeRight";
				INFOPLIST_KEY_UISupportedInterfaceOrientations_iPhone = "UIInterfaceOrientationPortrait UIInterfaceOrientationLandscapeLeft UIInterfaceOrientationLandscapeRight";
				LD_RUNPATH_SEARCH_PATHS = (
					"$(inherited)",
					"@executable_path/Frameworks",
				);
				MARKETING_VERSION = 1.0;
				PRODUCT_BUNDLE_IDENTIFIER = "com.combro.Testing-Skeleton";
				PRODUCT_NAME = "$(TARGET_NAME)";
				SWIFT_EMIT_LOC_STRINGS = YES;
				SWIFT_VERSION = 5.0;
				TARGETED_DEVICE_FAMILY = 1;
			};
			name = Release;
		};
/* End XCBuildConfiguration section */

/* Begin XCConfigurationList section */
		9F8A68C42755D9C20005E329 /* Build configuration list for PBXProject "Alodokter" */ = {
			isa = XCConfigurationList;
			buildConfigurations = (
				9F8A68DB2755D9C40005E329 /* Debug */,
				9F8A68DC2755D9C40005E329 /* Release */,
			);
			defaultConfigurationIsVisible = 0;
			defaultConfigurationName = Release;
		};
		9F8A68DD2755D9C40005E329 /* Build configuration list for PBXNativeTarget "Alodokter" */ = {
			isa = XCConfigurationList;
			buildConfigurations = (
				9F8A68DE2755D9C40005E329 /* Debug */,
				9F8A68DF2755D9C40005E329 /* Release */,
			);
			defaultConfigurationIsVisible = 0;
			defaultConfigurationName = Release;
		};
/* End XCConfigurationList section */
	};
	rootObject = 9F8A68C12755D9C20005E329 /* Project object */;
}
